
Microsoft Visual Studio Solution File, Format Version 12.00
# Visual Studio Version 16
VisualStudioVersion = 16.0.31313.79
MinimumVisualStudioVersion = 10.0.40219.1
Project("{2150E333-8FDC-42A3-9474-1A3956D46DE8}") = "01 - Basico", "01 - Basico", "{83BF1D05-23A8-441D-AFB5-2F53FF64BEF4}"
EndProject
Project("{2150E333-8FDC-42A3-9474-1A3956D46DE8}") = "Cedulas", "Cedulas", "{9E5B21D2-A4A1-4F94-AAB1-59A1E5AD2051}"
EndProject
Project("{2150E333-8FDC-42A3-9474-1A3956D46DE8}") = "02 - Estruturas", "02 - Estruturas", "{746F6237-C0E0-46BA-911B-7DC7D4595C94}"
EndProject
Project("{9A19103F-16F7-4668-BE54-9A1E7A4F7556}") = "Cedulas.console", "Cedulas.console\Cedulas.console.csproj", "{ABB4AA8C-12F6-45FC-A2E7-8C638974CD59}"
EndProject
Project("{2150E333-8FDC-42A3-9474-1A3956D46DE8}") = "Diferenca", "Diferenca", "{E66E62F5-5C2F-42CD-9DD6-DC1B661C18CE}"
EndProject
Project("{9A19103F-16F7-4668-BE54-9A1E7A4F7556}") = "Diferenca.Console", "Diferenca.Console\Diferenca.Console.csproj", "{71FF1EEA-66A2-493B-823D-D540CDB01952}"
EndProject
Project("{2150E333-8FDC-42A3-9474-1A3956D46DE8}") = "Salario", "Salario", "{C0DD12DF-9097-4C44-A72F-F48615A30C34}"
EndProject
Project("{FAE04EC0-301F-11D3-BF4B-00C04F79EFBC}") = "Salario", "Salario\Salario.csproj", "{E958E3A7-1C4D-434F-BACE-77CB1432B892}"
EndProject
Project("{2150E333-8FDC-42A3-9474-1A3956D46DE8}") = "Calculo Simples", "Calculo Simples", "{F6E8D98F-9D87-4C0F-AC3E-5BE09160D245}"
EndProject
Project("{FAE04EC0-301F-11D3-BF4B-00C04F79EFBC}") = "Calculo Simples", "Calculo Simples\Calculo Simples.csproj", "{60D0A639-4574-408C-8C92-FD0F3949ABB5}"
EndProject
Project("{2150E333-8FDC-42A3-9474-1A3956D46DE8}") = "Consumo", "Consumo", "{23B37DD5-66FB-4204-BCB2-4FA5B9DAC710}"
EndProject
Project("{FAE04EC0-301F-11D3-BF4B-00C04F79EFBC}") = "Consumo", "Consumo\Consumo.csproj", "{CC96F740-8264-48DD-8A83-8C8B835EE83B}"
EndProject
Project("{2150E333-8FDC-42A3-9474-1A3956D46DE8}") = "Distancia", "Distancia", "{1CE6A6D4-B2D0-4308-A29B-104FBC2A4A27}"
EndProject
Project("{FAE04EC0-301F-11D3-BF4B-00C04F79EFBC}") = "Distancia", "Distancia\Distancia.csproj", "{FB8FD68D-4856-47BA-B188-FCB30E667E30}"
EndProject
Project("{2150E333-8FDC-42A3-9474-1A3956D46DE8}") = "Gasto de Combustivel", "Gasto de Combustivel", "{E7F006D2-6F77-4899-B41A-C3C192F2D318}"
EndProject
Project("{FAE04EC0-301F-11D3-BF4B-00C04F79EFBC}") = "Gasto de Combustivel", "Gasto de Combustivel\Gasto de Combustivel.csproj", "{21F710CF-9127-4746-9103-D271A5E3D623}"
EndProject
Project("{2150E333-8FDC-42A3-9474-1A3956D46DE8}") = "Salario com Bonus", "Salario com Bonus", "{2534994D-F337-47B3-B846-C588BCFCA957}"
EndProject
Project("{FAE04EC0-301F-11D3-BF4B-00C04F79EFBC}") = "Salario com Bonus", "Salario com Bonus\Salario com Bonus.csproj", "{D61D8A8E-4D09-491B-9564-C85A1D2C08BE}"
EndProject
Project("{2150E333-8FDC-42A3-9474-1A3956D46DE8}") = "Esfera", "Esfera", "{B32C931D-7835-4E39-88B4-85E7FDC2B5E5}"
EndProject
Project("{FAE04EC0-301F-11D3-BF4B-00C04F79EFBC}") = "Esfera", "Esfera\Esfera.csproj", "{553987F8-3132-4E87-BF86-915D2A1161F8}"
EndProject
Global
	GlobalSection(SolutionConfigurationPlatforms) = preSolution
		Debug|Any CPU = Debug|Any CPU
		Release|Any CPU = Release|Any CPU
	EndGlobalSection
	GlobalSection(ProjectConfigurationPlatforms) = postSolution
		{ABB4AA8C-12F6-45FC-A2E7-8C638974CD59}.Debug|Any CPU.ActiveCfg = Debug|Any CPU
		{ABB4AA8C-12F6-45FC-A2E7-8C638974CD59}.Debug|Any CPU.Build.0 = Debug|Any CPU
		{ABB4AA8C-12F6-45FC-A2E7-8C638974CD59}.Release|Any CPU.ActiveCfg = Release|Any CPU
		{ABB4AA8C-12F6-45FC-A2E7-8C638974CD59}.Release|Any CPU.Build.0 = Release|Any CPU
		{71FF1EEA-66A2-493B-823D-D540CDB01952}.Debug|Any CPU.ActiveCfg = Debug|Any CPU
		{71FF1EEA-66A2-493B-823D-D540CDB01952}.Debug|Any CPU.Build.0 = Debug|Any CPU
		{71FF1EEA-66A2-493B-823D-D540CDB01952}.Release|Any CPU.ActiveCfg = Release|Any CPU
		{71FF1EEA-66A2-493B-823D-D540CDB01952}.Release|Any CPU.Build.0 = Release|Any CPU
		{E958E3A7-1C4D-434F-BACE-77CB1432B892}.Debug|Any CPU.ActiveCfg = Debug|Any CPU
		{E958E3A7-1C4D-434F-BACE-77CB1432B892}.Debug|Any CPU.Build.0 = Debug|Any CPU
		{E958E3A7-1C4D-434F-BACE-77CB1432B892}.Release|Any CPU.ActiveCfg = Release|Any CPU
		{E958E3A7-1C4D-434F-BACE-77CB1432B892}.Release|Any CPU.Build.0 = Release|Any CPU
		{60D0A639-4574-408C-8C92-FD0F3949ABB5}.Debug|Any CPU.ActiveCfg = Debug|Any CPU
		{60D0A639-4574-408C-8C92-FD0F3949ABB5}.Debug|Any CPU.Build.0 = Debug|Any CPU
		{60D0A639-4574-408C-8C92-FD0F3949ABB5}.Release|Any CPU.ActiveCfg = Release|Any CPU
		{60D0A639-4574-408C-8C92-FD0F3949ABB5}.Release|Any CPU.Build.0 = Release|Any CPU
		{CC96F740-8264-48DD-8A83-8C8B835EE83B}.Debug|Any CPU.ActiveCfg = Debug|Any CPU
		{CC96F740-8264-48DD-8A83-8C8B835EE83B}.Debug|Any CPU.Build.0 = Debug|Any CPU
		{CC96F740-8264-48DD-8A83-8C8B835EE83B}.Release|Any CPU.ActiveCfg = Release|Any CPU
		{CC96F740-8264-48DD-8A83-8C8B835EE83B}.Release|Any CPU.Build.0 = Release|Any CPU
		{FB8FD68D-4856-47BA-B188-FCB30E667E30}.Debug|Any CPU.ActiveCfg = Debug|Any CPU
		{FB8FD68D-4856-47BA-B188-FCB30E667E30}.Debug|Any CPU.Build.0 = Debug|Any CPU
		{FB8FD68D-4856-47BA-B188-FCB30E667E30}.Release|Any CPU.ActiveCfg = Release|Any CPU
		{FB8FD68D-4856-47BA-B188-FCB30E667E30}.Release|Any CPU.Build.0 = Release|Any CPU
		{21F710CF-9127-4746-9103-D271A5E3D623}.Debug|Any CPU.ActiveCfg = Debug|Any CPU
		{21F710CF-9127-4746-9103-D271A5E3D623}.Debug|Any CPU.Build.0 = Debug|Any CPU
		{21F710CF-9127-4746-9103-D271A5E3D623}.Release|Any CPU.ActiveCfg = Release|Any CPU
		{21F710CF-9127-4746-9103-D271A5E3D623}.Release|Any CPU.Build.0 = Release|Any CPU
		{D61D8A8E-4D09-491B-9564-C85A1D2C08BE}.Debug|Any CPU.ActiveCfg = Debug|Any CPU
		{D61D8A8E-4D09-491B-9564-C85A1D2C08BE}.Debug|Any CPU.Build.0 = Debug|Any CPU
		{D61D8A8E-4D09-491B-9564-C85A1D2C08BE}.Release|Any CPU.ActiveCfg = Release|Any CPU
		{D61D8A8E-4D09-491B-9564-C85A1D2C08BE}.Release|Any CPU.Build.0 = Release|Any CPU
		{553987F8-3132-4E87-BF86-915D2A1161F8}.Debug|Any CPU.ActiveCfg = Debug|Any CPU
		{553987F8-3132-4E87-BF86-915D2A1161F8}.Debug|Any CPU.Build.0 = Debug|Any CPU
		{553987F8-3132-4E87-BF86-915D2A1161F8}.Release|Any CPU.ActiveCfg = Release|Any CPU
		{553987F8-3132-4E87-BF86-915D2A1161F8}.Release|Any CPU.Build.0 = Release|Any CPU
	EndGlobalSection
	GlobalSection(SolutionProperties) = preSolution
		HideSolutionNode = FALSE
	EndGlobalSection
	GlobalSection(NestedProjects) = preSolution
		{9E5B21D2-A4A1-4F94-AAB1-59A1E5AD2051} = {83BF1D05-23A8-441D-AFB5-2F53FF64BEF4}
		{ABB4AA8C-12F6-45FC-A2E7-8C638974CD59} = {9E5B21D2-A4A1-4F94-AAB1-59A1E5AD2051}
		{E66E62F5-5C2F-42CD-9DD6-DC1B661C18CE} = {83BF1D05-23A8-441D-AFB5-2F53FF64BEF4}
		{71FF1EEA-66A2-493B-823D-D540CDB01952} = {E66E62F5-5C2F-42CD-9DD6-DC1B661C18CE}
		{C0DD12DF-9097-4C44-A72F-F48615A30C34} = {83BF1D05-23A8-441D-AFB5-2F53FF64BEF4}
		{E958E3A7-1C4D-434F-BACE-77CB1432B892} = {C0DD12DF-9097-4C44-A72F-F48615A30C34}
		{F6E8D98F-9D87-4C0F-AC3E-5BE09160D245} = {83BF1D05-23A8-441D-AFB5-2F53FF64BEF4}
		{60D0A639-4574-408C-8C92-FD0F3949ABB5} = {F6E8D98F-9D87-4C0F-AC3E-5BE09160D245}
		{23B37DD5-66FB-4204-BCB2-4FA5B9DAC710} = {83BF1D05-23A8-441D-AFB5-2F53FF64BEF4}
		{CC96F740-8264-48DD-8A83-8C8B835EE83B} = {23B37DD5-66FB-4204-BCB2-4FA5B9DAC710}
		{1CE6A6D4-B2D0-4308-A29B-104FBC2A4A27} = {83BF1D05-23A8-441D-AFB5-2F53FF64BEF4}
		{FB8FD68D-4856-47BA-B188-FCB30E667E30} = {1CE6A6D4-B2D0-4308-A29B-104FBC2A4A27}
		{E7F006D2-6F77-4899-B41A-C3C192F2D318} = {83BF1D05-23A8-441D-AFB5-2F53FF64BEF4}
		{21F710CF-9127-4746-9103-D271A5E3D623} = {E7F006D2-6F77-4899-B41A-C3C192F2D318}
		{2534994D-F337-47B3-B846-C588BCFCA957} = {83BF1D05-23A8-441D-AFB5-2F53FF64BEF4}
		{D61D8A8E-4D09-491B-9564-C85A1D2C08BE} = {2534994D-F337-47B3-B846-C588BCFCA957}
		{B32C931D-7835-4E39-88B4-85E7FDC2B5E5} = {83BF1D05-23A8-441D-AFB5-2F53FF64BEF4}
		{553987F8-3132-4E87-BF86-915D2A1161F8} = {B32C931D-7835-4E39-88B4-85E7FDC2B5E5}
	EndGlobalSection
	GlobalSection(ExtensibilityGlobals) = postSolution
		SolutionGuid = {5E21464B-5EEE-4117-9551-F4D350F3B547}
	EndGlobalSection
EndGlobal
